
Microsoft Visual Studio Solution File, Format Version 12.00
# Visual Studio 14
VisualStudioVersion = 14.0.25420.1
MinimumVisualStudioVersion = 10.0.40219.1
Project("{FAE04EC0-301F-11D3-BF4B-00C04F79EFBC}") = "Domain", "Domain\Domain.csproj", "{209EC42E-0D4F-40AB-AE1A-5A850251A61E}"
EndProject
Project("{FAE04EC0-301F-11D3-BF4B-00C04F79EFBC}") = "Domain.UnitTests", "Domain.UnitTests\Domain.UnitTests.csproj", "{C387EA26-8A1E-4EF3-880D-D78BB90C61FA}"
EndProject
Project("{FAE04EC0-301F-11D3-BF4B-00C04F79EFBC}") = "Infrastructure.Framework", "Infrastructure.Framework\Infrastructure.Framework.csproj", "{5B3E05FE-9A86-4AFC-92D9-98F2BF7C696C}"
EndProject
Project("{FAE04EC0-301F-11D3-BF4B-00C04F79EFBC}") = "Infrastructure.IO", "Infrastructure.IO\Infrastructure.IO.csproj", "{CC4F3781-D692-4120-BC5A-F585E7739F87}"
EndProject
Project("{FAE04EC0-301F-11D3-BF4B-00C04F79EFBC}") = "Infrastructure.IO.FunctionalTests", "Infrastructure.IO.FunctionalTests\Infrastructure.IO.FunctionalTests.csproj", "{939DC4C4-DB63-4E82-8C88-52FB3BADB3E7}"
EndProject
Project("{FAE04EC0-301F-11D3-BF4B-00C04F79EFBC}") = "Infrastructure.Bootstrap", "Infrastructure.Bootstrap\Infrastructure.Bootstrap.csproj", "{D53E47C9-1302-4D6D-AA9F-A81B2A447A31}"
EndProject
Global
	GlobalSection(SolutionConfigurationPlatforms) = preSolution
		Debug|Any CPU = Debug|Any CPU
		Release|Any CPU = Release|Any CPU
	EndGlobalSection
	GlobalSection(ProjectConfigurationPlatforms) = postSolution
		{209EC42E-0D4F-40AB-AE1A-5A850251A61E}.Debug|Any CPU.ActiveCfg = Debug|Any CPU
		{209EC42E-0D4F-40AB-AE1A-5A850251A61E}.Debug|Any CPU.Build.0 = Debug|Any CPU
		{209EC42E-0D4F-40AB-AE1A-5A850251A61E}.Release|Any CPU.ActiveCfg = Release|Any CPU
		{209EC42E-0D4F-40AB-AE1A-5A850251A61E}.Release|Any CPU.Build.0 = Release|Any CPU
		{C387EA26-8A1E-4EF3-880D-D78BB90C61FA}.Debug|Any CPU.ActiveCfg = Debug|Any CPU
		{C387EA26-8A1E-4EF3-880D-D78BB90C61FA}.Debug|Any CPU.Build.0 = Debug|Any CPU
		{C387EA26-8A1E-4EF3-880D-D78BB90C61FA}.Release|Any CPU.ActiveCfg = Release|Any CPU
		{C387EA26-8A1E-4EF3-880D-D78BB90C61FA}.Release|Any CPU.Build.0 = Release|Any CPU
		{5B3E05FE-9A86-4AFC-92D9-98F2BF7C696C}.Debug|Any CPU.ActiveCfg = Debug|Any CPU
		{5B3E05FE-9A86-4AFC-92D9-98F2BF7C696C}.Debug|Any CPU.Build.0 = Debug|Any CPU
		{5B3E05FE-9A86-4AFC-92D9-98F2BF7C696C}.Release|Any CPU.ActiveCfg = Release|Any CPU
		{5B3E05FE-9A86-4AFC-92D9-98F2BF7C696C}.Release|Any CPU.Build.0 = Release|Any CPU
		{CC4F3781-D692-4120-BC5A-F585E7739F87}.Debug|Any CPU.ActiveCfg = Debug|Any CPU
		{CC4F3781-D692-4120-BC5A-F585E7739F87}.Debug|Any CPU.Build.0 = Debug|Any CPU
		{CC4F3781-D692-4120-BC5A-F585E7739F87}.Release|Any CPU.ActiveCfg = Release|Any CPU
		{CC4F3781-D692-4120-BC5A-F585E7739F87}.Release|Any CPU.Build.0 = Release|Any CPU
		{939DC4C4-DB63-4E82-8C88-52FB3BADB3E7}.Debug|Any CPU.ActiveCfg = Debug|Any CPU
		{939DC4C4-DB63-4E82-8C88-52FB3BADB3E7}.Debug|Any CPU.Build.0 = Debug|Any CPU
		{939DC4C4-DB63-4E82-8C88-52FB3BADB3E7}.Release|Any CPU.ActiveCfg = Release|Any CPU
		{939DC4C4-DB63-4E82-8C88-52FB3BADB3E7}.Release|Any CPU.Build.0 = Release|Any CPU
		{D53E47C9-1302-4D6D-AA9F-A81B2A447A31}.Debug|Any CPU.ActiveCfg = Debug|Any CPU
		{D53E47C9-1302-4D6D-AA9F-A81B2A447A31}.Debug|Any CPU.Build.0 = Debug|Any CPU
		{D53E47C9-1302-4D6D-AA9F-A81B2A447A31}.Release|Any CPU.ActiveCfg = Release|Any CPU
		{D53E47C9-1302-4D6D-AA9F-A81B2A447A31}.Release|Any CPU.Build.0 = Release|Any CPU
	EndGlobalSection
	GlobalSection(SolutionProperties) = preSolution
		HideSolutionNode = FALSE
	EndGlobalSection
EndGlobal
